
Microsoft Visual Studio Solution File, Format Version 12.00
# Visual Studio Version 17
VisualStudioVersion = 17.11.35222.181
MinimumVisualStudioVersion = 10.0.40219.1
Project("{FAE04EC0-301F-11D3-BF4B-00C04F79EFBC}") = "MedsoftClinic", "MedsoftClinic\MedsoftClinic.csproj", "{ACBABC7E-194F-41DF-B8BB-F0E3D16DD00F}"
EndProject
Global
	GlobalSection(SolutionConfigurationPlatforms) = preSolution
		Debug|Any CPU = Debug|Any CPU
		Release|Any CPU = Release|Any CPU
	EndGlobalSection
	GlobalSection(ProjectConfigurationPlatforms) = postSolution
		{ACBABC7E-194F-41DF-B8BB-F0E3D16DD00F}.Debug|Any CPU.ActiveCfg = Debug|Any CPU
		{ACBABC7E-194F-41DF-B8BB-F0E3D16DD00F}.Debug|Any CPU.Build.0 = Debug|Any CPU
		{ACBABC7E-194F-41DF-B8BB-F0E3D16DD00F}.Release|Any CPU.ActiveCfg = Release|Any CPU
		{ACBABC7E-194F-41DF-B8BB-F0E3D16DD00F}.Release|Any CPU.Build.0 = Release|Any CPU
	EndGlobalSection
	GlobalSection(SolutionProperties) = preSolution
		HideSolutionNode = FALSE
	EndGlobalSection
	GlobalSection(ExtensibilityGlobals) = postSolution
		SolutionGuid = {81DF34C0-4942-47B5-88D9-AB9136EB0290}
	EndGlobalSection
EndGlobal
